
Microsoft Visual Studio Solution File, Format Version 12.00
# Visual Studio Version 17
VisualStudioVersion = 17.11.35312.102
MinimumVisualStudioVersion = 10.0.40219.1
Project("{9A19103F-16F7-4668-BE54-9A1E7A4F7556}") = "Paltrack.Domain", "Paltrack.Domain\Paltrack.Domain.csproj", "{BEB608A1-21D9-4B1D-8005-39A6812B0369}"
EndProject
Project("{9A19103F-16F7-4668-BE54-9A1E7A4F7556}") = "Paltrack.Application", "Paltrack.Application\Paltrack.Application.csproj", "{1673DA93-4BAC-4A9A-8668-A8E3763F835B}"
EndProject
Project("{9A19103F-16F7-4668-BE54-9A1E7A4F7556}") = "Paltrack.Infrastructure", "Paltrack.Infrastructure\Paltrack.Infrastructure.csproj", "{53D1A20F-5662-4FBC-9446-91CC963DA228}"
EndProject
Project("{9A19103F-16F7-4668-BE54-9A1E7A4F7556}") = "Paltrack.WebApi", "Paltrack.WebApi\Paltrack.WebApi.csproj", "{B5CAA556-5223-423D-9C23-5A7BFAA60B41}"
EndProject
Project("{9A19103F-16F7-4668-BE54-9A1E7A4F7556}") = "Paltrack.Tests", "Paltrack.Tests\Paltrack.Tests.csproj", "{FDA64D2A-39AF-4D12-A3CC-6415BAB09435}"
EndProject
Global
	GlobalSection(SolutionConfigurationPlatforms) = preSolution
		Debug|Any CPU = Debug|Any CPU
		Release|Any CPU = Release|Any CPU
	EndGlobalSection
	GlobalSection(ProjectConfigurationPlatforms) = postSolution
		{BEB608A1-21D9-4B1D-8005-39A6812B0369}.Debug|Any CPU.ActiveCfg = Debug|Any CPU
		{BEB608A1-21D9-4B1D-8005-39A6812B0369}.Debug|Any CPU.Build.0 = Debug|Any CPU
		{BEB608A1-21D9-4B1D-8005-39A6812B0369}.Release|Any CPU.ActiveCfg = Release|Any CPU
		{BEB608A1-21D9-4B1D-8005-39A6812B0369}.Release|Any CPU.Build.0 = Release|Any CPU
		{1673DA93-4BAC-4A9A-8668-A8E3763F835B}.Debug|Any CPU.ActiveCfg = Debug|Any CPU
		{1673DA93-4BAC-4A9A-8668-A8E3763F835B}.Debug|Any CPU.Build.0 = Debug|Any CPU
		{1673DA93-4BAC-4A9A-8668-A8E3763F835B}.Release|Any CPU.ActiveCfg = Release|Any CPU
		{1673DA93-4BAC-4A9A-8668-A8E3763F835B}.Release|Any CPU.Build.0 = Release|Any CPU
		{53D1A20F-5662-4FBC-9446-91CC963DA228}.Debug|Any CPU.ActiveCfg = Debug|Any CPU
		{53D1A20F-5662-4FBC-9446-91CC963DA228}.Debug|Any CPU.Build.0 = Debug|Any CPU
		{53D1A20F-5662-4FBC-9446-91CC963DA228}.Release|Any CPU.ActiveCfg = Release|Any CPU
		{53D1A20F-5662-4FBC-9446-91CC963DA228}.Release|Any CPU.Build.0 = Release|Any CPU
		{B5CAA556-5223-423D-9C23-5A7BFAA60B41}.Debug|Any CPU.ActiveCfg = Debug|Any CPU
		{B5CAA556-5223-423D-9C23-5A7BFAA60B41}.Debug|Any CPU.Build.0 = Debug|Any CPU
		{B5CAA556-5223-423D-9C23-5A7BFAA60B41}.Release|Any CPU.ActiveCfg = Release|Any CPU
		{B5CAA556-5223-423D-9C23-5A7BFAA60B41}.Release|Any CPU.Build.0 = Release|Any CPU
		{FDA64D2A-39AF-4D12-A3CC-6415BAB09435}.Debug|Any CPU.ActiveCfg = Debug|Any CPU
		{FDA64D2A-39AF-4D12-A3CC-6415BAB09435}.Debug|Any CPU.Build.0 = Debug|Any CPU
		{FDA64D2A-39AF-4D12-A3CC-6415BAB09435}.Release|Any CPU.ActiveCfg = Release|Any CPU
		{FDA64D2A-39AF-4D12-A3CC-6415BAB09435}.Release|Any CPU.Build.0 = Release|Any CPU
	EndGlobalSection
	GlobalSection(SolutionProperties) = preSolution
		HideSolutionNode = FALSE
	EndGlobalSection
	GlobalSection(ExtensibilityGlobals) = postSolution
		SolutionGuid = {281FA733-7607-41B7-90DA-6203F9D45C93}
	EndGlobalSection
EndGlobal
